
Microsoft Visual Studio Solution File, Format Version 12.00
# Visual Studio Version 16
VisualStudioVersion = 16.0.32413.511
MinimumVisualStudioVersion = 10.0.40219.1
Project("{FAE04EC0-301F-11D3-BF4B-00C04F79EFBC}") = "flyout_item_styles.Android", "flyout_item_styles\flyout_item_styles.Android\flyout_item_styles.Android.csproj", "{55F14EAA-7EEA-4207-A84B-E518D98E233F}"
EndProject
Project("{FAE04EC0-301F-11D3-BF4B-00C04F79EFBC}") = "flyout_item_styles", "flyout_item_styles\flyout_item_styles\flyout_item_styles.csproj", "{34ADEE1A-8934-420A-82F2-15DAA51581F9}"
EndProject
Global
	GlobalSection(SolutionConfigurationPlatforms) = preSolution
		Debug|Any CPU = Debug|Any CPU
		Release|Any CPU = Release|Any CPU
	EndGlobalSection
	GlobalSection(ProjectConfigurationPlatforms) = postSolution
		{55F14EAA-7EEA-4207-A84B-E518D98E233F}.Debug|Any CPU.ActiveCfg = Debug|Any CPU
		{55F14EAA-7EEA-4207-A84B-E518D98E233F}.Debug|Any CPU.Build.0 = Debug|Any CPU
		{55F14EAA-7EEA-4207-A84B-E518D98E233F}.Debug|Any CPU.Deploy.0 = Debug|Any CPU
		{55F14EAA-7EEA-4207-A84B-E518D98E233F}.Release|Any CPU.ActiveCfg = Release|Any CPU
		{55F14EAA-7EEA-4207-A84B-E518D98E233F}.Release|Any CPU.Build.0 = Release|Any CPU
		{55F14EAA-7EEA-4207-A84B-E518D98E233F}.Release|Any CPU.Deploy.0 = Release|Any CPU
		{34ADEE1A-8934-420A-82F2-15DAA51581F9}.Debug|Any CPU.ActiveCfg = Debug|Any CPU
		{34ADEE1A-8934-420A-82F2-15DAA51581F9}.Debug|Any CPU.Build.0 = Debug|Any CPU
		{34ADEE1A-8934-420A-82F2-15DAA51581F9}.Debug|Any CPU.Deploy.0 = Debug|Any CPU
		{34ADEE1A-8934-420A-82F2-15DAA51581F9}.Release|Any CPU.ActiveCfg = Release|Any CPU
		{34ADEE1A-8934-420A-82F2-15DAA51581F9}.Release|Any CPU.Build.0 = Release|Any CPU
		{34ADEE1A-8934-420A-82F2-15DAA51581F9}.Release|Any CPU.Deploy.0 = Release|Any CPU
	EndGlobalSection
	GlobalSection(SolutionProperties) = preSolution
		HideSolutionNode = FALSE
	EndGlobalSection
	GlobalSection(ExtensibilityGlobals) = postSolution
		SolutionGuid = {AB095517-5439-495B-9C24-E108A7ACC0B6}
	EndGlobalSection
EndGlobal
